{
  "name": "doc",
  "lockfileVersion": 3,
  "requires": true,
  "packages": {
    "": {
      "dependencies": {
        "replicate": "^0.12.3"
      }
    },
    "node_modules/replicate": {
      "version": "0.12.3",
      "resolved": "https://registry.npmjs.org/replicate/-/replicate-0.12.3.tgz",
      "integrity": "sha512-HVWKPoVhWVTONlWk+lUXmq9Vy2J8MxBJMtDBQq3dA5uq71ZzKTh0xvJfvzW4+VLBjhBeL7tkdua6hZJmKfzAPQ==",
      "engines": {
        "git": ">=2.11.0",
        "node": ">=16.6.0",
        "npm": ">=7.19.0",
        "yarn": ">=1.7.0"
      }
    }
  }
}
